// !$*UTF8*$!
{
	archiveVersion = 1;
	classes = {
	};
	objectVersion = 46;
	objects = {

/* Begin PBXBuildFile section */
		523360FD1A3361A000A9D9A4 /* AppDelegate.swift in Sources */ = {isa = PBXBuildFile; fileRef = 523360FC1A3361A000A9D9A4 /* AppDelegate.swift */; };
		523360FF1A3361A000A9D9A4 /* ViewController.swift in Sources */ = {isa = PBXBuildFile; fileRef = 523360FE1A3361A000A9D9A4 /* ViewController.swift */; };
		523361021A3361A000A9D9A4 /* Main.storyboard in Resources */ = {isa = PBXBuildFile; fileRef = 523361001A3361A000A9D9A4 /* Main.storyboard */; };
		523361041A3361A000A9D9A4 /* Images.xcassets in Resources */ = {isa = PBXBuildFile; fileRef = 523361031A3361A000A9D9A4 /* Images.xcassets */; };
		523361071A3361A000A9D9A4 /* LaunchScreen.xib in Resources */ = {isa = PBXBuildFile; fileRef = 523361051A3361A000A9D9A4 /* LaunchScreen.xib */; };
		523361131A3361A000A9D9A4 /* AWrittenOracleAppTests.swift in Sources */ = {isa = PBXBuildFile; fileRef = 523361121A3361A000A9D9A4 /* AWrittenOracleAppTests.swift */; };
/* End PBXBuildFile section */

/* Begin PBXContainerItemProxy section */
		5233610D1A3361A000A9D9A4 /* PBXContainerItemProxy */ = {
			isa = PBXContainerItemProxy;
			containerPortal = 523360EF1A3361A000A9D9A4 /* Project object */;
			proxyType = 1;
			remoteGlobalIDString = 523360F61A3361A000A9D9A4;
			remoteInfo = AWrittenOracleApp;
		};
/* End PBXContainerItemProxy section */

/* Begin PBXFileReference section */
		523360F71A3361A000A9D9A4 /* AWrittenOracleApp.app */ = {isa = PBXFileReference; explicitFileType = wrapper.application; includeInIndex = 0; path = AWrittenOracleApp.app; sourceTree = BUILT_PRODUCTS_DIR; };
		523360FB1A3361A000A9D9A4 /* Info.plist */ = {isa = PBXFileReference; lastKnownFileType = text.plist.xml; path = Info.plist; sourceTree = "<group>"; };
		523360FC1A3361A000A9D9A4 /* AppDelegate.swift */ = {isa = PBXFileReference; lastKnownFileType = sourcecode.swift; path = AppDelegate.swift; sourceTree = "<group>"; };
		523360FE1A3361A000A9D9A4 /* ViewController.swift */ = {isa = PBXFileReference; lastKnownFileType = sourcecode.swift; path = ViewController.swift; sourceTree = "<group>"; };
		523361011A3361A000A9D9A4 /* Base */ = {isa = PBXFileReference; lastKnownFileType = file.storyboard; name = Base; path = Base.lproj/Main.storyboard; sourceTree = "<group>"; };
		523361031A3361A000A9D9A4 /* Images.xcassets */ = {isa = PBXFileReference; lastKnownFileType = folder.assetcatalog; path = Images.xcassets; sourceTree = "<group>"; };
		523361061A3361A000A9D9A4 /* Base */ = {isa = PBXFileReference; lastKnownFileType = file.xib; name = Base; path = Base.lproj/LaunchScreen.xib; sourceTree = "<group>"; };
		5233610C1A3361A000A9D9A4 /* AWrittenOracleAppTests.xctest */ = {isa = PBXFileReference; explicitFileType = wrapper.cfbundle; includeInIndex = 0; path = AWrittenOracleAppTests.xctest; sourceTree = BUILT_PRODUCTS_DIR; };
		523361111A3361A000A9D9A4 /* Info.plist */ = {isa = PBXFileReference; lastKnownFileType = text.plist.xml; path = Info.plist; sourceTree = "<group>"; };
		523361121A3361A000A9D9A4 /* AWrittenOracleAppTests.swift */ = {isa = PBXFileReference; lastKnownFileType = sourcecode.swift; path = AWrittenOracleAppTests.swift; sourceTree = "<group>"; };
/* End PBXFileReference section */

/* Begin PBXFrameworksBuildPhase section */
		523360F41A3361A000A9D9A4 /* Frameworks */ = {
			isa = PBXFrameworksBuildPhase;
			buildActionMask = 2147483647;
			files = (
			);
			runOnlyForDeploymentPostprocessing = 0;
		};
		523361091A3361A000A9D9A4 /* Frameworks */ = {
			isa = PBXFrameworksBuildPhase;
			buildActionMask = 2147483647;
			files = (
			);
			runOnlyForDeploymentPostprocessing = 0;
		};
/* End PBXFrameworksBuildPhase section */

/* Begin PBXGroup section */
		523360EE1A3361A000A9D9A4 = {
			isa = PBXGroup;
			children = (
				523360F91A3361A000A9D9A4 /* AWrittenOracleApp */,
				5233610F1A3361A000A9D9A4 /* AWrittenOracleAppTests */,
				523360F81A3361A000A9D9A4 /* Products */,
			);
			sourceTree = "<group>";
		};
		523360F81A3361A000A9D9A4 /* Products */ = {
			isa = PBXGroup;
			children = (
				523360F71A3361A000A9D9A4 /* AWrittenOracleApp.app */,
				5233610C1A3361A000A9D9A4 /* AWrittenOracleAppTests.xctest */,
			);
			name = Products;
			sourceTree = "<group>";
		};
		523360F91A3361A000A9D9A4 /* AWrittenOracleApp */ = {
			isa = PBXGroup;
			children = (
				523360FC1A3361A000A9D9A4 /* AppDelegate.swift */,
				523360FE1A3361A000A9D9A4 /* ViewController.swift */,
				523361001A3361A000A9D9A4 /* Main.storyboard */,
				523361031A3361A000A9D9A4 /* Images.xcassets */,
				523361051A3361A000A9D9A4 /* LaunchScreen.xib */,
				523360FA1A3361A000A9D9A4 /* Supporting Files */,
			);
			path = AWrittenOracleApp;
			sourceTree = "<group>";
		};
		523360FA1A3361A000A9D9A4 /* Supporting Files */ = {
			isa = PBXGroup;
			children = (
				523360FB1A3361A000A9D9A4 /* Info.plist */,
			);
			name = "Supporting Files";
			sourceTree = "<group>";
		};
		5233610F1A3361A000A9D9A4 /* AWrittenOracleAppTests */ = {
			isa = PBXGroup;
			children = (
				523361121A3361A000A9D9A4 /* AWrittenOracleAppTests.swift */,
				523361101A3361A000A9D9A4 /* Supporting Files */,
			);
			path = AWrittenOracleAppTests;
			sourceTree = "<group>";
		};
		523361101A3361A000A9D9A4 /* Supporting Files */ = {
			isa = PBXGroup;
			children = (
				523361111A3361A000A9D9A4 /* Info.plist */,
			);
			name = "Supporting Files";
			sourceTree = "<group>";
		};
/* End PBXGroup section */

/* Begin PBXNativeTarget section */
		523360F61A3361A000A9D9A4 /* AWrittenOracleApp */ = {
			isa = PBXNativeTarget;
			buildConfigurationList = 523361161A3361A000A9D9A4 /* Build configuration list for PBXNativeTarget "AWrittenOracleApp" */;
			buildPhases = (
				523360F31A3361A000A9D9A4 /* Sources */,
				523360F41A3361A000A9D9A4 /* Frameworks */,
				523360F51A3361A000A9D9A4 /* Resources */,
			);
			buildRules = (
			);
			dependencies = (
			);
			name = AWrittenOracleApp;
			productName = AWrittenOracleApp;
			productReference = 523360F71A3361A000A9D9A4 /* AWrittenOracleApp.app */;
			productType = "com.apple.product-type.application";
		};
		5233610B1A3361A000A9D9A4 /* AWrittenOracleAppTests */ = {
			isa = PBXNativeTarget;
			buildConfigurationList = 523361191A3361A000A9D9A4 /* Build configuration list for PBXNativeTarget "AWrittenOracleAppTests" */;
			buildPhases = (
				523361081A3361A000A9D9A4 /* Sources */,
				523361091A3361A000A9D9A4 /* Frameworks */,
				5233610A1A3361A000A9D9A4 /* Resources */,
			);
			buildRules = (
			);
			dependencies = (
				5233610E1A3361A000A9D9A4 /* PBXTargetDependency */,
			);
			name = AWrittenOracleAppTests;
			productName = AWrittenOracleAppTests;
			productReference = 5233610C1A3361A000A9D9A4 /* AWrittenOracleAppTests.xctest */;
			productType = "com.apple.product-type.bundle.unit-test";
		};
/* End PBXNativeTarget section */

/* Begin PBXProject section */
		523360EF1A3361A000A9D9A4 /* Project object */ = {
			isa = PBXProject;
			attributes = {
				LastUpgradeCheck = 0610;
				ORGANIZATIONNAME = simul;
				TargetAttributes = {
					523360F61A3361A000A9D9A4 = {
						CreatedOnToolsVersion = 6.1.1;
					};
					5233610B1A3361A000A9D9A4 = {
						CreatedOnToolsVersion = 6.1.1;
						TestTargetID = 523360F61A3361A000A9D9A4;
					};
				};
			};
			buildConfigurationList = 523360F21A3361A000A9D9A4 /* Build configuration list for PBXProject "AWrittenOracleApp" */;
			compatibilityVersion = "Xcode 3.2";
			developmentRegion = English;
			hasScannedForEncodings = 0;
			knownRegions = (
				en,
				Base,
			);
			mainGroup = 523360EE1A3361A000A9D9A4;
			productRefGroup = 523360F81A3361A000A9D9A4 /* Products */;
			projectDirPath = "";
			projectRoot = "";
			targets = (
				523360F61A3361A000A9D9A4 /* AWrittenOracleApp */,
				5233610B1A3361A000A9D9A4 /* AWrittenOracleAppTests */,
			);
		};
/* End PBXProject section */

/* Begin PBXResourcesBuildPhase section */
		523360F51A3361A000A9D9A4 /* Resources */ = {
			isa = PBXResourcesBuildPhase;
			buildActionMask = 2147483647;
			files = (
				523361021A3361A000A9D9A4 /* Main.storyboard in Resources */,
				523361071A3361A000A9D9A4 /* LaunchScreen.xib in Resources */,
				523361041A3361A000A9D9A4 /* Images.xcassets in Resources */,
			);
			runOnlyForDeploymentPostprocessing = 0;
		};
		5233610A1A3361A000A9D9A4 /* Resources */ = {
			isa = PBXResourcesBuildPhase;
			buildActionMask = 2147483647;
			files = (
			);
			runOnlyForDeploymentPostprocessing = 0;
		};
/* End PBXResourcesBuildPhase section */

/* Begin PBXSourcesBuildPhase section */
		523360F31A3361A000A9D9A4 /* Sources */ = {
			isa = PBXSourcesBuildPhase;
			buildActionMask = 2147483647;
			files = (
				523360FF1A3361A000A9D9A4 /* ViewController.swift in Sources */,
				523360FD1A3361A000A9D9A4 /* AppDelegate.swift in Sources */,
			);
			runOnlyForDeploymentPostprocessing = 0;
		};
		523361081A3361A000A9D9A4 /* Sources */ = {
			isa = PBXSourcesBuildPhase;
			buildActionMask = 2147483647;
			files = (
				523361131A3361A000A9D9A4 /* AWrittenOracleAppTests.swift in Sources */,
			);
			runOnlyForDeploymentPostprocessing = 0;
		};
/* End PBXSourcesBuildPhase section */

/* Begin PBXTargetDependency section */
		5233610E1A3361A000A9D9A4 /* PBXTargetDependency */ = {
			isa = PBXTargetDependency;
			target = 523360F61A3361A000A9D9A4 /* AWrittenOracleApp */;
			targetProxy = 5233610D1A3361A000A9D9A4 /* PBXContainerItemProxy */;
		};
/* End PBXTargetDependency section */

/* Begin PBXVariantGroup section */
		523361001A3361A000A9D9A4 /* Main.storyboard */ = {
			isa = PBXVariantGroup;
			children = (
				523361011A3361A000A9D9A4 /* Base */,
			);
			name = Main.storyboard;
			sourceTree = "<group>";
		};
		523361051A3361A000A9D9A4 /* LaunchScreen.xib */ = {
			isa = PBXVariantGroup;
			children = (
				523361061A3361A000A9D9A4 /* Base */,
			);
			name = LaunchScreen.xib;
			sourceTree = "<group>";
		};
/* End PBXVariantGroup section */

/* Begin XCBuildConfiguration section */
		523361141A3361A000A9D9A4 /* Debug */ = {
			isa = XCBuildConfiguration;
			buildSettings = {
				ALWAYS_SEARCH_USER_PATHS = NO;
				CLANG_CXX_LANGUAGE_STANDARD = "gnu++0x";
				CLANG_CXX_LIBRARY = "libc++";
				CLANG_ENABLE_MODULES = YES;
				CLANG_ENABLE_OBJC_ARC = YES;
				CLANG_WARN_BOOL_CONVERSION = YES;
				CLANG_WARN_CONSTANT_CONVERSION = YES;
				CLANG_WARN_DIRECT_OBJC_ISA_USAGE = YES_ERROR;
				CLANG_WARN_EMPTY_BODY = YES;
				CLANG_WARN_ENUM_CONVERSION = YES;
				CLANG_WARN_INT_CONVERSION = YES;
				CLANG_WARN_OBJC_ROOT_CLASS = YES_ERROR;
				CLANG_WARN_UNREACHABLE_CODE = YES;
				CLANG_WARN__DUPLICATE_METHOD_MATCH = YES;
				"CODE_SIGN_IDENTITY[sdk=iphoneos*]" = "iPhone Developer";
				COPY_PHASE_STRIP = NO;
				ENABLE_STRICT_OBJC_MSGSEND = YES;
				GCC_C_LANGUAGE_STANDARD = gnu99;
				GCC_DYNAMIC_NO_PIC = NO;
				GCC_OPTIMIZATION_LEVEL = 0;
				GCC_PREPROCESSOR_DEFINITIONS = (
					"DEBUG=1",
					"$(inherited)",
				);
				GCC_SYMBOLS_PRIVATE_EXTERN = NO;
				GCC_WARN_64_TO_32_BIT_CONVERSION = YES;
				GCC_WARN_ABOUT_RETURN_TYPE = YES_ERROR;
				GCC_WARN_UNDECLARED_SELECTOR = YES;
				GCC_WARN_UNINITIALIZED_AUTOS = YES_AGGRESSIVE;
				GCC_WARN_UNUSED_FUNCTION = YES;
				GCC_WARN_UNUSED_VARIABLE = YES;
				IPHONEOS_DEPLOYMENT_TARGET = 8.1;
				MTL_ENABLE_DEBUG_INFO = YES;
				ONLY_ACTIVE_ARCH = YES;
				SDKROOT = iphoneos;
				SWIFT_OPTIMIZATION_LEVEL = "-Onone";
				TARGETED_DEVICE_FAMILY = "1,2";
			};
			name = Debug;
		};
		523361151A3361A000A9D9A4 /* Release */ = {
			isa = XCBuildConfiguration;
			buildSettings = {
				ALWAYS_SEARCH_USER_PATHS = NO;
				CLANG_CXX_LANGUAGE_STANDARD = "gnu++0x";
				CLANG_CXX_LIBRARY = "libc++";
				CLANG_ENABLE_MODULES = YES;
				CLANG_ENABLE_OBJC_ARC = YES;
				CLANG_WARN_BOOL_CONVERSION = YES;
				CLANG_WARN_CONSTANT_CONVERSION = YES;
				CLANG_WARN_DIRECT_OBJC_ISA_USAGE = YES_ERROR;
				CLANG_WARN_EMPTY_BODY = YES;
				CLANG_WARN_ENUM_CONVERSION = YES;
				CLANG_WARN_INT_CONVERSION = YES;
				CLANG_WARN_OBJC_ROOT_CLASS = YES_ERROR;
				CLANG_WARN_UNREACHABLE_CODE = YES;
				CLANG_WARN__DUPLICATE_METHOD_MATCH = YES;
				"CODE_SIGN_IDENTITY[sdk=iphoneos*]" = "iPhone Developer";
				COPY_PHASE_STRIP = YES;
				ENABLE_NS_ASSERTIONS = NO;
				ENABLE_STRICT_OBJC_MSGSEND = YES;
				GCC_C_LANGUAGE_STANDARD = gnu99;
				GCC_WARN_64_TO_32_BIT_CONVERSION = YES;
				GCC_WARN_ABOUT_RETURN_TYPE = YES_ERROR;
				GCC_WARN_UNDECLARED_SELECTOR = YES;
				GCC_WARN_UNINITIALIZED_AUTOS = YES_AGGRESSIVE;
				GCC_WARN_UNUSED_FUNCTION = YES;
				GCC_WARN_UNUSED_VARIABLE = YES;
				IPHONEOS_DEPLOYMENT_TARGET = 8.1;
				MTL_ENABLE_DEBUG_INFO = NO;
				SDKROOT = iphoneos;
				TARGETED_DEVICE_FAMILY = "1,2";
				VALIDATE_PRODUCT = YES;
			};
			name = Release;
		};
		523361171A3361A000A9D9A4 /* Debug */ = {
			isa = XCBuildConfiguration;
			buildSettings = {
				ASSETCATALOG_COMPILER_APPICON_NAME = AppIcon;
				INFOPLIST_FILE = AWrittenOracleApp/Info.plist;
				LD_RUNPATH_SEARCH_PATHS = "$(inherited) @executable_path/Frameworks";
				PRODUCT_NAME = "$(TARGET_NAME)";
			};
			name = Debug;
		};
		523361181A3361A000A9D9A4 /* Release */ = {
			isa = XCBuildConfiguration;
			buildSettings = {
				ASSETCATALOG_COMPILER_APPICON_NAME = AppIcon;
				INFOPLIST_FILE = AWrittenOracleApp/Info.plist;
				LD_RUNPATH_SEARCH_PATHS = "$(inherited) @executable_path/Frameworks";
				PRODUCT_NAME = "$(TARGET_NAME)";
			};
			name = Release;
		};
		5233611A1A3361A000A9D9A4 /* Debug */ = {
			isa = XCBuildConfiguration;
			buildSettings = {
				BUNDLE_LOADER = "$(TEST_HOST)";
				FRAMEWORK_SEARCH_PATHS = (
					"$(SDKROOT)/Developer/Library/Frameworks",
					"$(inherited)",
				);
				GCC_PREPROCESSOR_DEFINITIONS = (
					"DEBUG=1",
					"$(inherited)",
				);
				INFOPLIST_FILE = AWrittenOracleAppTests/Info.plist;
				LD_RUNPATH_SEARCH_PATHS = "$(inherited) @executable_path/Frameworks @loader_path/Frameworks";
				PRODUCT_NAME = "$(TARGET_NAME)";
				TEST_HOST = "$(BUILT_PRODUCTS_DIR)/AWrittenOracleApp.app/AWrittenOracleApp";
			};
			name = Debug;
		};
		5233611B1A3361A000A9D9A4 /* Release */ = {
			isa = XCBuildConfiguration;
			buildSettings = {
				BUNDLE_LOADER = "$(TEST_HOST)";
				FRAMEWORK_SEARCH_PATHS = (
					"$(SDKROOT)/Developer/Library/Frameworks",
					"$(inherited)",
				);
				INFOPLIST_FILE = AWrittenOracleAppTests/Info.plist;
				LD_RUNPATH_SEARCH_PATHS = "$(inherited) @executable_path/Frameworks @loader_path/Frameworks";
				PRODUCT_NAME = "$(TARGET_NAME)";
				TEST_HOST = "$(BUILT_PRODUCTS_DIR)/AWrittenOracleApp.app/AWrittenOracleApp";
			};
			name = Release;
		};
/* End XCBuildConfiguration section */

/* Begin XCConfigurationList section */
		523360F21A3361A000A9D9A4 /* Build configuration list for PBXProject "AWrittenOracleApp" */ = {
			isa = XCConfigurationList;
			buildConfigurations = (
				523361141A3361A000A9D9A4 /* Debug */,
				523361151A3361A000A9D9A4 /* Release */,
			);
			defaultConfigurationIsVisible = 0;
			defaultConfigurationName = Release;
		};
		523361161A3361A000A9D9A4 /* Build configuration list for PBXNativeTarget "AWrittenOracleApp" */ = {
			isa = XCConfigurationList;
			buildConfigurations = (
				523361171A3361A000A9D9A4 /* Debug */,
				523361181A3361A000A9D9A4 /* Release */,
			);
			defaultConfigurationIsVisible = 0;
		};
		523361191A3361A000A9D9A4 /* Build configuration list for PBXNativeTarget "AWrittenOracleAppTests" */ = {
			isa = XCConfigurationList;
			buildConfigurations = (
				5233611A1A3361A000A9D9A4 /* Debug */,
				5233611B1A3361A000A9D9A4 /* Release */,
			);
			defaultConfigurationIsVisible = 0;
		};
/* End XCConfigurationList section */
	};
	rootObject = 523360EF1A3361A000A9D9A4 /* Project object */;
}
